lockVersion: 2.0.0
id: f7071258-7c93-438a-9063-8fe315406c0c
management:
  docChecksum: 7eac6b8a4f8581c5abea03f1eb5c9515
  docVersion: 1.0.1
  speakeasyVersion: 1.209.3
  generationVersion: 2.281.2
  releaseVersion: 0.0.2
  configChecksum: 3aa1a4f779dcd7647f149fc918208340
features:
  python:
    core: 4.5.1
    flattening: 2.81.1
    globalSecurity: 2.83.4
    globalServerURLs: 2.82.2
    methodSecurity: 2.82.1
    responseFormat: 0.1.0
generatedFiles:
  - src/keymate_api/sdkconfiguration.py
  - src/keymate_api/sdk.py
  - py.typed
  - pylintrc
  - setup.py
  - src/keymate_api/__init__.py
  - src/keymate_api/utils/__init__.py
  - src/keymate_api/utils/retries.py
  - src/keymate_api/utils/utils.py
  - src/keymate_api/models/errors/sdkerror.py
  - tests/helpers.py
  - src/keymate_api/models/operations/insertionplan.py
  - src/keymate_api/models/operations/gptsbrowse.py
  - src/keymate_api/models/operations/internetsearch.py
  - src/keymate_api/models/operations/browseurl.py
  - src/keymate_api/models/operations/metadatakb.py
  - src/keymate_api/models/operations/listpdfs.py
  - src/keymate_api/models/operations/ultrafastsearch.py
  - src/keymate_api/models/operations/upsert.py
  - src/keymate_api/models/operations/insert.py
  - src/keymate_api/models/operations/savetopkb.py
  - src/keymate_api/models/operations/upsertjson.py
  - src/keymate_api/models/operations/ulpdfload.py
  - src/keymate_api/models/operations/list.py
  - src/keymate_api/models/operations/help.py
  - src/keymate_api/models/operations/query.py
  - src/keymate_api/models/operations/pkb.py
  - src/keymate_api/models/operations/pdfsearch.py
  - src/keymate_api/models/operations/upserttousersknowledgebase.py
  - src/keymate_api/models/operations/queryusersknowledgebase.py
  - src/keymate_api/models/operations/academicsearchdoi.py
  - src/keymate_api/models/operations/hybrid.py
  - src/keymate_api/models/operations/academicsearchquery.py
  - src/keymate_api/models/components/httpmetadata.py
  - src/keymate_api/models/components/security.py
  - src/keymate_api/models/errors/gptsbrowse.py
  - src/keymate_api/models/errors/internetsearch.py
  - src/keymate_api/models/errors/browseurl.py
  - src/keymate_api/models/errors/ultrafastsearch.py
  - src/keymate_api/models/errors/hybrid.py
  - src/keymate_api/models/__init__.py
  - src/keymate_api/models/errors/__init__.py
  - src/keymate_api/models/operations/__init__.py
  - src/keymate_api/models/components/__init__.py
  - docs/models/operations/insertionplansecurity.md
  - docs/models/operations/insertionplanrequest.md
  - docs/models/operations/status.md
  - docs/models/operations/insertionplanresponsebody.md
  - docs/models/operations/insertionplanresponse.md
  - docs/models/operations/gptsbrowsesecurity.md
  - docs/models/operations/gptsbrowserequest.md
  - docs/models/operations/gptsbrowseresponseresponsebody.md
  - docs/models/operations/results.md
  - docs/models/operations/gptsbrowseresponsebody.md
  - docs/models/operations/gptsbrowseresponse.md
  - docs/models/operations/internetsearchsecurity.md
  - docs/models/operations/internetsearchrequest.md
  - docs/models/operations/internetsearchresponseresponsebody.md
  - docs/models/operations/internetsearchresults.md
  - docs/models/operations/internetsearchresponsebody.md
  - docs/models/operations/internetsearchresponse.md
  - docs/models/operations/browseurlsecurity.md
  - docs/models/operations/browseurlrequest.md
  - docs/models/operations/browseurlresponseresponsebody.md
  - docs/models/operations/browseurlresults.md
  - docs/models/operations/browseurlresponsebody.md
  - docs/models/operations/browseurlresponse.md
  - docs/models/operations/metadatakbsecurity.md
  - docs/models/operations/metadatakbrequest.md
  - docs/models/operations/metadata.md
  - docs/models/operations/sparsevalues.md
  - docs/models/operations/matches.md
  - docs/models/operations/metadatakbresponsebody.md
  - docs/models/operations/metadatakbresponse.md
  - docs/models/operations/listpdfssecurity.md
  - docs/models/operations/listpdfsmetadata.md
  - docs/models/operations/listpdfssparsevalues.md
  - docs/models/operations/listpdfsmatches.md
  - docs/models/operations/listpdfsresponsebody.md
  - docs/models/operations/listpdfsresponse.md
  - docs/models/operations/ultrafastsearchsecurity.md
  - docs/models/operations/ultrafastsearchrequest.md
  - docs/models/operations/ultrafastsearchresponseresponsebody.md
  - docs/models/operations/ultrafastsearchresults.md
  - docs/models/operations/ultrafastsearchresponsebody.md
  - docs/models/operations/ultrafastsearchresponse.md
  - docs/models/operations/upsertsecurity.md
  - docs/models/operations/upsertrequest.md
  - docs/models/operations/upsertstatus.md
  - docs/models/operations/upsertresponsebody.md
  - docs/models/operations/upsertresponse.md
  - docs/models/operations/insertsecurity.md
  - docs/models/operations/insertrequest.md
  - docs/models/operations/insertstatus.md
  - docs/models/operations/insertresponsebody.md
  - docs/models/operations/insertresponse.md
  - docs/models/operations/savetopkbsecurity.md
  - docs/models/operations/savetopkbrequest.md
  - docs/models/operations/savetopkbstatus.md
  - docs/models/operations/savetopkbresponsebody.md
  - docs/models/operations/savetopkbresponse.md
  - docs/models/operations/upsertjsonsecurity.md
  - docs/models/operations/upsertjsonrequestbody.md
  - docs/models/operations/upsertjsonstatus.md
  - docs/models/operations/upsertjsonresponsebody.md
  - docs/models/operations/upsertjsonresponse.md
  - docs/models/operations/ulpdfloadsecurity.md
  - docs/models/operations/ulpdfloadstatus.md
  - docs/models/operations/ulpdfloadresponsebody.md
  - docs/models/operations/ulpdfloadresponse.md
  - docs/models/operations/listsecurity.md
  - docs/models/operations/liststatus.md
  - docs/models/operations/listresponsebody.md
  - docs/models/operations/listresponse.md
  - docs/models/operations/helpsecurity.md
  - docs/models/operations/helpstatus.md
  - docs/models/operations/helpresponsebody.md
  - docs/models/operations/helpresponse.md
  - docs/models/operations/querysecurity.md
  - docs/models/operations/queryrequest.md
  - docs/models/operations/querymetadata.md
  - docs/models/operations/querysparsevalues.md
  - docs/models/operations/querymatches.md
  - docs/models/operations/queryresponsebody.md
  - docs/models/operations/queryresponse.md
  - docs/models/operations/pkbsecurity.md
  - docs/models/operations/pkbrequest.md
  - docs/models/operations/pkbmetadata.md
  - docs/models/operations/pkbsparsevalues.md
  - docs/models/operations/pkbmatches.md
  - docs/models/operations/pkbresponsebody.md
  - docs/models/operations/pkbresponse.md
  - docs/models/operations/pdfsearchsecurity.md
  - docs/models/operations/pdfsearchrequest.md
  - docs/models/operations/pdfsearchmetadata.md
  - docs/models/operations/pdfsearchsparsevalues.md
  - docs/models/operations/pdfsearchmatches.md
  - docs/models/operations/pdfsearchresponsebody.md
  - docs/models/operations/pdfsearchresponse.md
  - docs/models/operations/upserttousersknowledgebasesecurity.md
  - docs/models/operations/upserttousersknowledgebaserequest.md
  - docs/models/operations/upserttousersknowledgebasestatus.md
  - docs/models/operations/upserttousersknowledgebaseresponsebody.md
  - docs/models/operations/upserttousersknowledgebaseresponse.md
  - docs/models/operations/queryusersknowledgebasesecurity.md
  - docs/models/operations/queryusersknowledgebaserequest.md
  - docs/models/operations/queryusersknowledgebasemetadata.md
  - docs/models/operations/queryusersknowledgebasesparsevalues.md
  - docs/models/operations/queryusersknowledgebasematches.md
  - docs/models/operations/queryusersknowledgebaseresponsebody.md
  - docs/models/operations/queryusersknowledgebaseresponse.md
  - docs/models/operations/academicsearchdoisecurity.md
  - docs/models/operations/academicsearchdoirequest.md
  - docs/models/operations/academicsearchdoimetadata.md
  - docs/models/operations/academicsearchdoisparsevalues.md
  - docs/models/operations/academicsearchdoimatches.md
  - docs/models/operations/academicsearchdoiresponsebody.md
  - docs/models/operations/academicsearchdoiresponse.md
  - docs/models/operations/hybridsecurity.md
  - docs/models/operations/hybridrequest.md
  - docs/models/operations/hybridresponseresponsebody.md
  - docs/models/operations/hybridresults.md
  - docs/models/operations/hybridresponsebody.md
  - docs/models/operations/hybridresponse.md
  - docs/models/operations/academicsearchquerysecurity.md
  - docs/models/operations/academicsearchqueryrequest.md
  - docs/models/operations/academicsearchquerymetadata.md
  - docs/models/operations/academicsearchquerysparsevalues.md
  - docs/models/operations/academicsearchquerymatches.md
  - docs/models/operations/academicsearchqueryresponsebody.md
  - docs/models/operations/academicsearchqueryresponse.md
  - docs/models/components/httpmetadata.md
  - docs/models/components/security.md
  - docs/models/errors/gptsbrowseresponsebody.md
  - docs/models/errors/internetsearchresponsebody.md
  - docs/models/errors/browseurlresponsebody.md
  - docs/models/errors/ultrafastsearchresponsebody.md
  - docs/models/errors/hybridresponsebody.md
  - docs/sdks/keymateapi/README.md
  - USAGE.md
  - .gitattributes
  - src/keymate_api/_hooks/sdkhooks.py
  - src/keymate_api/_hooks/types.py
  - src/keymate_api/_hooks/__init__.py
